// !$*UTF8*$!
{
	archiveVersion = 1;
	classes = {
	};
	objectVersion = 56;
	objects = {

/* Begin PBXBuildFile section */
		3C57A1AD2BB17E48006747FE /* bodyparts.json in Resources */ = {isa = PBXBuildFile; fileRef = 3C57A1AB2BB17E48006747FE /* bodyparts.json */; };
		3C57A1AE2BB17E48006747FE /* BodyPart.swift in Sources */ = {isa = PBXBuildFile; fileRef = 3C57A1AC2BB17E48006747FE /* BodyPart.swift */; };
		3C57A1B12BB17E4F006747FE /* ClassifierViewModel.swift in Sources */ = {isa = PBXBuildFile; fileRef = 3C57A1B02BB17E4F006747FE /* ClassifierViewModel.swift */; };
		3C57A1B42BB17E90006747FE /* Constants.swift in Sources */ = {isa = PBXBuildFile; fileRef = 3C57A1B22BB17E90006747FE /* Constants.swift */; };
		3C57A1B52BB17E90006747FE /* Helpers.swift in Sources */ = {isa = PBXBuildFile; fileRef = 3C57A1B32BB17E90006747FE /* Helpers.swift */; };
		3C57A1B82BB17EAC006747FE /* PredictionStatus.swift in Sources */ = {isa = PBXBuildFile; fileRef = 3C57A1B72BB17EAC006747FE /* PredictionStatus.swift */; };
		3C57A1BA2BB17ED2006747FE /* BodyPartClassifier 2.mlmodel in Sources */ = {isa = PBXBuildFile; fileRef = 3C57A1B92BB17ED2006747FE /* BodyPartClassifier 2.mlmodel */; };
		3C57A1BD2BB17F16006747FE /* TecMedMultiPeer.swift in Sources */ = {isa = PBXBuildFile; fileRef = 3C57A1BC2BB17F16006747FE /* TecMedMultiPeer.swift */; };
		3CB70EF82BB15F4C00DA9A99 /* DetectedDeviceView.swift in Sources */ = {isa = PBXBuildFile; fileRef = 3CB70EF52BB15F4C00DA9A99 /* DetectedDeviceView.swift */; };
		3CB70EF92BB15F4C00DA9A99 /* CameraView.swift in Sources */ = {isa = PBXBuildFile; fileRef = 3CB70EF62BB15F4C00DA9A99 /* CameraView.swift */; };
		3CB70EFA2BB15F4C00DA9A99 /* DetectedBodyPartView.swift in Sources */ = {isa = PBXBuildFile; fileRef = 3CB70EF72BB15F4C00DA9A99 /* DetectedBodyPartView.swift */; };
		3CD7E76E2BC4BE31008AA8A2 /* MultiPeerBrowserView.swift in Sources */ = {isa = PBXBuildFile; fileRef = 3CD7E76D2BC4BE31008AA8A2 /* MultiPeerBrowserView.swift */; };
		3CEB14A52BC8D82300767B8A /* MainView.swift in Sources */ = {isa = PBXBuildFile; fileRef = 3CEB14A42BC8D82300767B8A /* MainView.swift */; };
		3CEB14A82BC8D8DA00767B8A /* LoadingView.swift in Sources */ = {isa = PBXBuildFile; fileRef = 3CEB14A72BC8D8DA00767B8A /* LoadingView.swift */; };
		3CF0E2F62BB0BC85001B0CC1 /* TecMedTransmiterApp.swift in Sources */ = {isa = PBXBuildFile; fileRef = 3CF0E2F52BB0BC85001B0CC1 /* TecMedTransmiterApp.swift */; };
		3CF0E2F82BB0BC85001B0CC1 /* ContentView.swift in Sources */ = {isa = PBXBuildFile; fileRef = 3CF0E2F72BB0BC85001B0CC1 /* ContentView.swift */; };
		3CF0E2FA2BB0BC88001B0CC1 /* Assets.xcassets in Resources */ = {isa = PBXBuildFile; fileRef = 3CF0E2F92BB0BC88001B0CC1 /* Assets.xcassets */; };
		3CF0E2FD2BB0BC88001B0CC1 /* Preview Assets.xcassets in Resources */ = {isa = PBXBuildFile; fileRef = 3CF0E2FC2BB0BC88001B0CC1 /* Preview Assets.xcassets */; };
		3CF0E3042BB0BCB4001B0CC1 /* CameraViewController.swift in Sources */ = {isa = PBXBuildFile; fileRef = 3CF0E3032BB0BCB4001B0CC1 /* CameraViewController.swift */; };
		3CF0E3102BB10A29001B0CC1 /* CameraControllerRepresentable.swift in Sources */ = {isa = PBXBuildFile; fileRef = 3CF0E30F2BB10A29001B0CC1 /* CameraControllerRepresentable.swift */; };
/* End PBXBuildFile section */

/* Begin PBXFileReference section */
		3C57A1AB2BB17E48006747FE /* bodyparts.json */ = {isa = PBXFileReference; fileEncoding = 4; lastKnownFileType = text.json; path = bodyparts.json; sourceTree = "<group>"; };
		3C57A1AC2BB17E48006747FE /* BodyPart.swift */ = {isa = PBXFileReference; fileEncoding = 4; lastKnownFileType = sourcecode.swift; path = BodyPart.swift; sourceTree = "<group>"; };
		3C57A1B02BB17E4F006747FE /* ClassifierViewModel.swift */ = {isa = PBXFileReference; fileEncoding = 4; lastKnownFileType = sourcecode.swift; path = ClassifierViewModel.swift; sourceTree = "<group>"; };
		3C57A1B22BB17E90006747FE /* Constants.swift */ = {isa = PBXFileReference; fileEncoding = 4; lastKnownFileType = sourcecode.swift; path = Constants.swift; sourceTree = "<group>"; };
		3C57A1B32BB17E90006747FE /* Helpers.swift */ = {isa = PBXFileReference; fileEncoding = 4; lastKnownFileType = sourcecode.swift; path = Helpers.swift; sourceTree = "<group>"; };
		3C57A1B72BB17EAC006747FE /* PredictionStatus.swift */ = {isa = PBXFileReference; fileEncoding = 4; lastKnownFileType = sourcecode.swift; path = PredictionStatus.swift; sourceTree = "<group>"; };
		3C57A1B92BB17ED2006747FE /* BodyPartClassifier 2.mlmodel */ = {isa = PBXFileReference; lastKnownFileType = file.mlmodel; path = "BodyPartClassifier 2.mlmodel"; sourceTree = "<group>"; };
		3C57A1BC2BB17F16006747FE /* TecMedMultiPeer.swift */ = {isa = PBXFileReference; lastKnownFileType = sourcecode.swift; path = TecMedMultiPeer.swift; sourceTree = "<group>"; };
		3C57A1BE2BB18D3E006747FE /* Info.plist */ = {isa = PBXFileReference; lastKnownFileType = text.plist; path = Info.plist; sourceTree = "<group>"; };
		3CB70EF52BB15F4C00DA9A99 /* DetectedDeviceView.swift */ = {isa = PBXFileReference; fileEncoding = 4; lastKnownFileType = sourcecode.swift; path = DetectedDeviceView.swift; sourceTree = "<group>"; };
		3CB70EF62BB15F4C00DA9A99 /* CameraView.swift */ = {isa = PBXFileReference; fileEncoding = 4; lastKnownFileType = sourcecode.swift; path = CameraView.swift; sourceTree = "<group>"; };
		3CB70EF72BB15F4C00DA9A99 /* DetectedBodyPartView.swift */ = {isa = PBXFileReference; fileEncoding = 4; lastKnownFileType = sourcecode.swift; path = DetectedBodyPartView.swift; sourceTree = "<group>"; };
		3CD7E76D2BC4BE31008AA8A2 /* MultiPeerBrowserView.swift */ = {isa = PBXFileReference; lastKnownFileType = sourcecode.swift; path = MultiPeerBrowserView.swift; sourceTree = "<group>"; };
		3CEB14A42BC8D82300767B8A /* MainView.swift */ = {isa = PBXFileReference; lastKnownFileType = sourcecode.swift; path = MainView.swift; sourceTree = "<group>"; };
		3CEB14A72BC8D8DA00767B8A /* LoadingView.swift */ = {isa = PBXFileReference; lastKnownFileType = sourcecode.swift; path = LoadingView.swift; sourceTree = "<group>"; };
		3CF0E2F22BB0BC85001B0CC1 /* TecMedTransmiter.app */ = {isa = PBXFileReference; explicitFileType = wrapper.application; includeInIndex = 0; path = TecMedTransmiter.app; sourceTree = BUILT_PRODUCTS_DIR; };
		3CF0E2F52BB0BC85001B0CC1 /* TecMedTransmiterApp.swift */ = {isa = PBXFileReference; lastKnownFileType = sourcecode.swift; path = TecMedTransmiterApp.swift; sourceTree = "<group>"; };
		3CF0E2F72BB0BC85001B0CC1 /* ContentView.swift */ = {isa = PBXFileReference; lastKnownFileType = sourcecode.swift; path = ContentView.swift; sourceTree = "<group>"; };
		3CF0E2F92BB0BC88001B0CC1 /* Assets.xcassets */ = {isa = PBXFileReference; lastKnownFileType = folder.assetcatalog; path = Assets.xcassets; sourceTree = "<group>"; };
		3CF0E2FC2BB0BC88001B0CC1 /* Preview Assets.xcassets */ = {isa = PBXFileReference; lastKnownFileType = folder.assetcatalog; path = "Preview Assets.xcassets"; sourceTree = "<group>"; };
		3CF0E3032BB0BCB4001B0CC1 /* CameraViewController.swift */ = {isa = PBXFileReference; lastKnownFileType = sourcecode.swift; path = CameraViewController.swift; sourceTree = "<group>"; };
		3CF0E30F2BB10A29001B0CC1 /* CameraControllerRepresentable.swift */ = {isa = PBXFileReference; lastKnownFileType = sourcecode.swift; path = CameraControllerRepresentable.swift; sourceTree = "<group>"; };
/* End PBXFileReference section */

/* Begin PBXFrameworksBuildPhase section */
		3CF0E2EF2BB0BC85001B0CC1 /* Frameworks */ = {
			isa = PBXFrameworksBuildPhase;
			buildActionMask = 2147483647;
			files = (
			);
			runOnlyForDeploymentPostprocessing = 0;
		};
/* End PBXFrameworksBuildPhase section */

/* Begin PBXGroup section */
		3C57A1A92BB17E3E006747FE /* Helpers */ = {
			isa = PBXGroup;
			children = (
				3C57A1B22BB17E90006747FE /* Constants.swift */,
				3C57A1B32BB17E90006747FE /* Helpers.swift */,
			);
			path = Helpers;
			sourceTree = "<group>";
		};
		3C57A1AA2BB17E48006747FE /* Data Models */ = {
			isa = PBXGroup;
			children = (
				3C57A1AB2BB17E48006747FE /* bodyparts.json */,
				3C57A1AC2BB17E48006747FE /* BodyPart.swift */,
			);
			path = "Data Models";
			sourceTree = "<group>";
		};
		3C57A1AF2BB17E4F006747FE /* View Models */ = {
			isa = PBXGroup;
			children = (
				3C57A1B02BB17E4F006747FE /* ClassifierViewModel.swift */,
			);
			path = "View Models";
			sourceTree = "<group>";
		};
		3C57A1B62BB17EAC006747FE /* ML Model */ = {
			isa = PBXGroup;
			children = (
				3C57A1B72BB17EAC006747FE /* PredictionStatus.swift */,
				3C57A1B92BB17ED2006747FE /* BodyPartClassifier 2.mlmodel */,
			);
			path = "ML Model";
			sourceTree = "<group>";
		};
		3C57A1BB2BB17EEA006747FE /* Multipeer Connectivity */ = {
			isa = PBXGroup;
			children = (
				3C57A1BC2BB17F16006747FE /* TecMedMultiPeer.swift */,
			);
			path = "Multipeer Connectivity";
			sourceTree = "<group>";
		};
		3CEB14A62BC8D8B800767B8A /* Components */ = {
			isa = PBXGroup;
			children = (
				3CEB14A72BC8D8DA00767B8A /* LoadingView.swift */,
			);
			path = Components;
			sourceTree = "<group>";
		};
		3CF0E2E92BB0BC85001B0CC1 = {
			isa = PBXGroup;
			children = (
				3CF0E2F42BB0BC85001B0CC1 /* TecMedTransmiter */,
				3CF0E2F32BB0BC85001B0CC1 /* Products */,
			);
			sourceTree = "<group>";
		};
		3CF0E2F32BB0BC85001B0CC1 /* Products */ = {
			isa = PBXGroup;
			children = (
				3CF0E2F22BB0BC85001B0CC1 /* TecMedTransmiter.app */,
			);
			name = Products;
			sourceTree = "<group>";
		};
		3CF0E2F42BB0BC85001B0CC1 /* TecMedTransmiter */ = {
			isa = PBXGroup;
			children = (
				3C57A1BE2BB18D3E006747FE /* Info.plist */,
				3CF0E3052BB1097C001B0CC1 /* Foundation */,
				3CF0E31B2BB125ED001B0CC1 /* Views */,
				3CF0E2F52BB0BC85001B0CC1 /* TecMedTransmiterApp.swift */,
				3CF0E2F72BB0BC85001B0CC1 /* ContentView.swift */,
				3CF0E2F92BB0BC88001B0CC1 /* Assets.xcassets */,
				3CF0E2FB2BB0BC88001B0CC1 /* Preview Content */,
			);
			path = TecMedTransmiter;
			sourceTree = "<group>";
		};
		3CF0E2FB2BB0BC88001B0CC1 /* Preview Content */ = {
			isa = PBXGroup;
			children = (
				3CF0E2FC2BB0BC88001B0CC1 /* Preview Assets.xcassets */,
			);
			path = "Preview Content";
			sourceTree = "<group>";
		};
		3CF0E3052BB1097C001B0CC1 /* Foundation */ = {
			isa = PBXGroup;
			children = (
				3C57A1BB2BB17EEA006747FE /* Multipeer Connectivity */,
				3C57A1B62BB17EAC006747FE /* ML Model */,
				3C57A1AF2BB17E4F006747FE /* View Models */,
				3C57A1AA2BB17E48006747FE /* Data Models */,
				3C57A1A92BB17E3E006747FE /* Helpers */,
				3CF0E30E2BB10A05001B0CC1 /* Camera Controllers */,
			);
			path = Foundation;
			sourceTree = "<group>";
		};
		3CF0E30E2BB10A05001B0CC1 /* Camera Controllers */ = {
			isa = PBXGroup;
			children = (
				3CF0E3032BB0BCB4001B0CC1 /* CameraViewController.swift */,
				3CF0E30F2BB10A29001B0CC1 /* CameraControllerRepresentable.swift */,
			);
			path = "Camera Controllers";
			sourceTree = "<group>";
		};
		3CF0E31B2BB125ED001B0CC1 /* Views */ = {
			isa = PBXGroup;
			children = (
				3CEB14A62BC8D8B800767B8A /* Components */,
				3CB70EF62BB15F4C00DA9A99 /* CameraView.swift */,
				3CB70EF72BB15F4C00DA9A99 /* DetectedBodyPartView.swift */,
				3CB70EF52BB15F4C00DA9A99 /* DetectedDeviceView.swift */,
				3CD7E76D2BC4BE31008AA8A2 /* MultiPeerBrowserView.swift */,
				3CEB14A42BC8D82300767B8A /* MainView.swift */,
			);
			path = Views;
			sourceTree = "<group>";
		};
/* End PBXGroup section */

/* Begin PBXNativeTarget section */
		3CF0E2F12BB0BC85001B0CC1 /* TecMedTransmiter */ = {
			isa = PBXNativeTarget;
			buildConfigurationList = 3CF0E3002BB0BC88001B0CC1 /* Build configuration list for PBXNativeTarget "TecMedTransmiter" */;
			buildPhases = (
				3CF0E2EE2BB0BC85001B0CC1 /* Sources */,
				3CF0E2EF2BB0BC85001B0CC1 /* Frameworks */,
				3CF0E2F02BB0BC85001B0CC1 /* Resources */,
			);
			buildRules = (
			);
			dependencies = (
			);
			name = TecMedTransmiter;
			productName = TecMedTransmiter;
			productReference = 3CF0E2F22BB0BC85001B0CC1 /* TecMedTransmiter.app */;
			productType = "com.apple.product-type.application";
		};
/* End PBXNativeTarget section */

/* Begin PBXProject section */
		3CF0E2EA2BB0BC85001B0CC1 /* Project object */ = {
			isa = PBXProject;
			attributes = {
				BuildIndependentTargetsInParallel = 1;
				LastSwiftUpdateCheck = 1520;
				LastUpgradeCheck = 1520;
				TargetAttributes = {
					3CF0E2F12BB0BC85001B0CC1 = {
						CreatedOnToolsVersion = 15.2;
					};
				};
			};
			buildConfigurationList = 3CF0E2ED2BB0BC85001B0CC1 /* Build configuration list for PBXProject "TecMedTransmiter" */;
			compatibilityVersion = "Xcode 14.0";
			developmentRegion = en;
			hasScannedForEncodings = 0;
			knownRegions = (
				en,
				Base,
			);
			mainGroup = 3CF0E2E92BB0BC85001B0CC1;
			productRefGroup = 3CF0E2F32BB0BC85001B0CC1 /* Products */;
			projectDirPath = "";
			projectRoot = "";
			targets = (
				3CF0E2F12BB0BC85001B0CC1 /* TecMedTransmiter */,
			);
		};
/* End PBXProject section */

/* Begin PBXResourcesBuildPhase section */
		3CF0E2F02BB0BC85001B0CC1 /* Resources */ = {
			isa = PBXResourcesBuildPhase;
			buildActionMask = 2147483647;
			files = (
				3CF0E2FD2BB0BC88001B0CC1 /* Preview Assets.xcassets in Resources */,
				3CF0E2FA2BB0BC88001B0CC1 /* Assets.xcassets in Resources */,
				3C57A1AD2BB17E48006747FE /* bodyparts.json in Resources */,
			);
			runOnlyForDeploymentPostprocessing = 0;
		};
/* End PBXResourcesBuildPhase section */

/* Begin PBXSourcesBuildPhase section */
		3CF0E2EE2BB0BC85001B0CC1 /* Sources */ = {
			isa = PBXSourcesBuildPhase;
			buildActionMask = 2147483647;
			files = (
				3CF0E2F82BB0BC85001B0CC1 /* ContentView.swift in Sources */,
				3CF0E2F62BB0BC85001B0CC1 /* TecMedTransmiterApp.swift in Sources */,
				3CB70EFA2BB15F4C00DA9A99 /* DetectedBodyPartView.swift in Sources */,
				3CB70EF92BB15F4C00DA9A99 /* CameraView.swift in Sources */,
				3CEB14A82BC8D8DA00767B8A /* LoadingView.swift in Sources */,
				3C57A1B52BB17E90006747FE /* Helpers.swift in Sources */,
				3C57A1B12BB17E4F006747FE /* ClassifierViewModel.swift in Sources */,
				3C57A1B82BB17EAC006747FE /* PredictionStatus.swift in Sources */,
				3CD7E76E2BC4BE31008AA8A2 /* MultiPeerBrowserView.swift in Sources */,
				3C57A1B42BB17E90006747FE /* Constants.swift in Sources */,
				3CEB14A52BC8D82300767B8A /* MainView.swift in Sources */,
				3CF0E3102BB10A29001B0CC1 /* CameraControllerRepresentable.swift in Sources */,
				3CF0E3042BB0BCB4001B0CC1 /* CameraViewController.swift in Sources */,
				3C57A1AE2BB17E48006747FE /* BodyPart.swift in Sources */,
				3CB70EF82BB15F4C00DA9A99 /* DetectedDeviceView.swift in Sources */,
				3C57A1BA2BB17ED2006747FE /* BodyPartClassifier 2.mlmodel in Sources */,
				3C57A1BD2BB17F16006747FE /* TecMedMultiPeer.swift in Sources */,
			);
			runOnlyForDeploymentPostprocessing = 0;
		};
/* End PBXSourcesBuildPhase section */

/* Begin XCBuildConfiguration section */
		3CF0E2FE2BB0BC88001B0CC1 /* Debug */ = {
			isa = XCBuildConfiguration;
			buildSettings = {
				ALWAYS_SEARCH_USER_PATHS = NO;
				ASSETCATALOG_COMPILER_GENERATE_SWIFT_ASSET_SYMBOL_EXTENSIONS = YES;
				CLANG_ANALYZER_NONNULL = YES;
				CLANG_ANALYZER_NUMBER_OBJECT_CONVERSION = YES_AGGRESSIVE;
				CLANG_CXX_LANGUAGE_STANDARD = "gnu++20";
				CLANG_ENABLE_MODULES = YES;
				CLANG_ENABLE_OBJC_ARC = YES;
				CLANG_ENABLE_OBJC_WEAK = YES;
				CLANG_WARN_BLOCK_CAPTURE_AUTORELEASING = YES;
				CLANG_WARN_BOOL_CONVERSION = YES;
				CLANG_WARN_COMMA = YES;
				CLANG_WARN_CONSTANT_CONVERSION = YES;
				CLANG_WARN_DEPRECATED_OBJC_IMPLEMENTATIONS = YES;
				CLANG_WARN_DIRECT_OBJC_ISA_USAGE = YES_ERROR;
				CLANG_WARN_DOCUMENTATION_COMMENTS = YES;
				CLANG_WARN_EMPTY_BODY = YES;
				CLANG_WARN_ENUM_CONVERSION = YES;
				CLANG_WARN_INFINITE_RECURSION = YES;
				CLANG_WARN_INT_CONVERSION = YES;
				CLANG_WARN_NON_LITERAL_NULL_CONVERSION = YES;
				CLANG_WARN_OBJC_IMPLICIT_RETAIN_SELF = YES;
				CLANG_WARN_OBJC_LITERAL_CONVERSION = YES;
				CLANG_WARN_OBJC_ROOT_CLASS = YES_ERROR;
				CLANG_WARN_QUOTED_INCLUDE_IN_FRAMEWORK_HEADER = YES;
				CLANG_WARN_RANGE_LOOP_ANALYSIS = YES;
				CLANG_WARN_STRICT_PROTOTYPES = YES;
				CLANG_WARN_SUSPICIOUS_MOVE = YES;
				CLANG_WARN_UNGUARDED_AVAILABILITY = YES_AGGRESSIVE;
				CLANG_WARN_UNREACHABLE_CODE = YES;
				CLANG_WARN__DUPLICATE_METHOD_MATCH = YES;
				COPY_PHASE_STRIP = NO;
				DEBUG_INFORMATION_FORMAT = dwarf;
				ENABLE_STRICT_OBJC_MSGSEND = YES;
				ENABLE_TESTABILITY = YES;
				ENABLE_USER_SCRIPT_SANDBOXING = YES;
				GCC_C_LANGUAGE_STANDARD = gnu17;
				GCC_DYNAMIC_NO_PIC = NO;
				GCC_NO_COMMON_BLOCKS = YES;
				GCC_OPTIMIZATION_LEVEL = 0;
				GCC_PREPROCESSOR_DEFINITIONS = (
					"DEBUG=1",
					"$(inherited)",
				);
				GCC_WARN_64_TO_32_BIT_CONVERSION = YES;
				GCC_WARN_ABOUT_RETURN_TYPE = YES_ERROR;
				GCC_WARN_UNDECLARED_SELECTOR = YES;
				GCC_WARN_UNINITIALIZED_AUTOS = YES_AGGRESSIVE;
				GCC_WARN_UNUSED_FUNCTION = YES;
				GCC_WARN_UNUSED_VARIABLE = YES;
				IPHONEOS_DEPLOYMENT_TARGET = 17.2;
				LOCALIZATION_PREFERS_STRING_CATALOGS = YES;
				MTL_ENABLE_DEBUG_INFO = INCLUDE_SOURCE;
				MTL_FAST_MATH = YES;
				ONLY_ACTIVE_ARCH = YES;
				SDKROOT = iphoneos;
				SWIFT_ACTIVE_COMPILATION_CONDITIONS = "DEBUG $(inherited)";
				SWIFT_OPTIMIZATION_LEVEL = "-Onone";
			};
			name = Debug;
		};
		3CF0E2FF2BB0BC88001B0CC1 /* Release */ = {
			isa = XCBuildConfiguration;
			buildSettings = {
				ALWAYS_SEARCH_USER_PATHS = NO;
				ASSETCATALOG_COMPILER_GENERATE_SWIFT_ASSET_SYMBOL_EXTENSIONS = YES;
				CLANG_ANALYZER_NONNULL = YES;
				CLANG_ANALYZER_NUMBER_OBJECT_CONVERSION = YES_AGGRESSIVE;
				CLANG_CXX_LANGUAGE_STANDARD = "gnu++20";
				CLANG_ENABLE_MODULES = YES;
				CLANG_ENABLE_OBJC_ARC = YES;
				CLANG_ENABLE_OBJC_WEAK = YES;
				CLANG_WARN_BLOCK_CAPTURE_AUTORELEASING = YES;
				CLANG_WARN_BOOL_CONVERSION = YES;
				CLANG_WARN_COMMA = YES;
				CLANG_WARN_CONSTANT_CONVERSION = YES;
				CLANG_WARN_DEPRECATED_OBJC_IMPLEMENTATIONS = YES;
				CLANG_WARN_DIRECT_OBJC_ISA_USAGE = YES_ERROR;
				CLANG_WARN_DOCUMENTATION_COMMENTS = YES;
				CLANG_WARN_EMPTY_BODY = YES;
				CLANG_WARN_ENUM_CONVERSION = YES;
				CLANG_WARN_INFINITE_RECURSION = YES;
				CLANG_WARN_INT_CONVERSION = YES;
				CLANG_WARN_NON_LITERAL_NULL_CONVERSION = YES;
				CLANG_WARN_OBJC_IMPLICIT_RETAIN_SELF = YES;
				CLANG_WARN_OBJC_LITERAL_CONVERSION = YES;
				CLANG_WARN_OBJC_ROOT_CLASS = YES_ERROR;
				CLANG_WARN_QUOTED_INCLUDE_IN_FRAMEWORK_HEADER = YES;
				CLANG_WARN_RANGE_LOOP_ANALYSIS = YES;
				CLANG_WARN_STRICT_PROTOTYPES = YES;
				CLANG_WARN_SUSPICIOUS_MOVE = YES;
				CLANG_WARN_UNGUARDED_AVAILABILITY = YES_AGGRESSIVE;
				CLANG_WARN_UNREACHABLE_CODE = YES;
				CLANG_WARN__DUPLICATE_METHOD_MATCH = YES;
				COPY_PHASE_STRIP = NO;
				DEBUG_INFORMATION_FORMAT = "dwarf-with-dsym";
				ENABLE_NS_ASSERTIONS = NO;
				ENABLE_STRICT_OBJC_MSGSEND = YES;
				ENABLE_USER_SCRIPT_SANDBOXING = YES;
				GCC_C_LANGUAGE_STANDARD = gnu17;
				GCC_NO_COMMON_BLOCKS = YES;
				GCC_WARN_64_TO_32_BIT_CONVERSION = YES;
				GCC_WARN_ABOUT_RETURN_TYPE = YES_ERROR;
				GCC_WARN_UNDECLARED_SELECTOR = YES;
				GCC_WARN_UNINITIALIZED_AUTOS = YES_AGGRESSIVE;
				GCC_WARN_UNUSED_FUNCTION = YES;
				GCC_WARN_UNUSED_VARIABLE = YES;
				IPHONEOS_DEPLOYMENT_TARGET = 17.2;
				LOCALIZATION_PREFERS_STRING_CATALOGS = YES;
				MTL_ENABLE_DEBUG_INFO = NO;
				MTL_FAST_MATH = YES;
				SDKROOT = iphoneos;
				SWIFT_COMPILATION_MODE = wholemodule;
				VALIDATE_PRODUCT = YES;
			};
			name = Release;
		};
		3CF0E3012BB0BC88001B0CC1 /* Debug */ = {
			isa = XCBuildConfiguration;
			buildSettings = {
				ASSETCATALOG_COMPILER_APPICON_NAME = AppIcon;
				ASSETCATALOG_COMPILER_GLOBAL_ACCENT_COLOR_NAME = AccentColor;
				CODE_SIGN_STYLE = Automatic;
				CURRENT_PROJECT_VERSION = 1;
				DEVELOPMENT_ASSET_PATHS = "\"TecMedTransmiter/Preview Content\"";
				DEVELOPMENT_TEAM = PSZW65H9Q6;
				ENABLE_PREVIEWS = YES;
				GENERATE_INFOPLIST_FILE = YES;
				INFOPLIST_FILE = TecMedTransmiter/Info.plist;
				INFOPLIST_KEY_NSCameraUsageDescription = "Camera use is needed for image categoriazation with Core ML";
				INFOPLIST_KEY_NSLocalNetworkUsageDescription = "Local network access is needed to detect nearby visionPro Headset";
				INFOPLIST_KEY_UIApplicationSceneManifest_Generation = YES;
				INFOPLIST_KEY_UIApplicationSupportsIndirectInputEvents = YES;
				INFOPLIST_KEY_UILaunchScreen_Generation = YES;
				INFOPLIST_KEY_UISupportedInterfaceOrientations = "UIInterfaceOrientationLandscapeLeft UIInterfaceOrientationLandscapeRight UIInterfaceOrientationPortrait UIInterfaceOrientationPortraitUpsideDown";
				LD_RUNPATH_SEARCH_PATHS = (
					"$(inherited)",
					"@executable_path/Frameworks",
				);
				MARKETING_VERSION = 1.0;
				PRODUCT_BUNDLE_IDENTIFIER = com.TecMed.TecMedTransmiter;
				PRODUCT_NAME = "$(TARGET_NAME)";
				SWIFT_EMIT_LOC_STRINGS = YES;
				SWIFT_VERSION = 5.0;
				TARGETED_DEVICE_FAMILY = "1,2";
			};
			name = Debug;
		};
		3CF0E3022BB0BC88001B0CC1 /* Release */ = {
			isa = XCBuildConfiguration;
			buildSettings = {
				ASSETCATALOG_COMPILER_APPICON_NAME = AppIcon;
				ASSETCATALOG_COMPILER_GLOBAL_ACCENT_COLOR_NAME = AccentColor;
				CODE_SIGN_STYLE = Automatic;
				CURRENT_PROJECT_VERSION = 1;
				DEVELOPMENT_ASSET_PATHS = "\"TecMedTransmiter/Preview Content\"";
				DEVELOPMENT_TEAM = PSZW65H9Q6;
				ENABLE_PREVIEWS = YES;
				GENERATE_INFOPLIST_FILE = YES;
				INFOPLIST_FILE = TecMedTransmiter/Info.plist;
				INFOPLIST_KEY_NSCameraUsageDescription = "Camera use is needed for image categoriazation with Core ML";
				INFOPLIST_KEY_NSLocalNetworkUsageDescription = "Local network access is needed to detect nearby visionPro Headset";
				INFOPLIST_KEY_UIApplicationSceneManifest_Generation = YES;
				INFOPLIST_KEY_UIApplicationSupportsIndirectInputEvents = YES;
				INFOPLIST_KEY_UILaunchScreen_Generation = YES;
				INFOPLIST_KEY_UISupportedInterfaceOrientations = "UIInterfaceOrientationLandscapeLeft UIInterfaceOrientationLandscapeRight UIInterfaceOrientationPortrait UIInterfaceOrientationPortraitUpsideDown";
				LD_RUNPATH_SEARCH_PATHS = (
					"$(inherited)",
					"@executable_path/Frameworks",
				);
				MARKETING_VERSION = 1.0;
				PRODUCT_BUNDLE_IDENTIFIER = com.TecMed.TecMedTransmiter;
				PRODUCT_NAME = "$(TARGET_NAME)";
				SWIFT_EMIT_LOC_STRINGS = YES;
				SWIFT_VERSION = 5.0;
				TARGETED_DEVICE_FAMILY = "1,2";
			};
			name = Release;
		};
/* End XCBuildConfiguration section */

/* Begin XCConfigurationList section */
		3CF0E2ED2BB0BC85001B0CC1 /* Build configuration list for PBXProject "TecMedTransmiter" */ = {
			isa = XCConfigurationList;
			buildConfigurations = (
				3CF0E2FE2BB0BC88001B0CC1 /* Debug */,
				3CF0E2FF2BB0BC88001B0CC1 /* Release */,
			);
			defaultConfigurationIsVisible = 0;
			defaultConfigurationName = Release;
		};
		3CF0E3002BB0BC88001B0CC1 /* Build configuration list for PBXNativeTarget "TecMedTransmiter" */ = {
			isa = XCConfigurationList;
			buildConfigurations = (
				3CF0E3012BB0BC88001B0CC1 /* Debug */,
				3CF0E3022BB0BC88001B0CC1 /* Release */,
			);
			defaultConfigurationIsVisible = 0;
			defaultConfigurationName = Release;
		};
/* End XCConfigurationList section */
	};
	rootObject = 3CF0E2EA2BB0BC85001B0CC1 /* Project object */;
}
