// !$*UTF8*$!
{
	archiveVersion = 1;
	classes = {
	};
	objectVersion = 56;
	objects = {

/* Begin PBXBuildFile section */
		3C1FAC4D2BAC90D600275D13 /* GoogleGenerativeAI in Frameworks */ = {isa = PBXBuildFile; productRef = 3C1FAC4C2BAC90D600275D13 /* GoogleGenerativeAI */; };
		3C43793E2BA409A900C01C1C /* PlaceHolderView.swift in Sources */ = {isa = PBXBuildFile; fileRef = 3C43793D2BA409A900C01C1C /* PlaceHolderView.swift */; };
		3C4379422BA4274F00C01C1C /* SplitView.swift in Sources */ = {isa = PBXBuildFile; fileRef = 3C4379412BA4274F00C01C1C /* SplitView.swift */; };
		3C4379442BA42ED400C01C1C /* StepDetailView.swift in Sources */ = {isa = PBXBuildFile; fileRef = 3C4379432BA42ED400C01C1C /* StepDetailView.swift */; };
		3CADB89B2BA44F52002F1710 /* SecondWindow.swift in Sources */ = {isa = PBXBuildFile; fileRef = 3CADB89A2BA44F52002F1710 /* SecondWindow.swift */; };
		3CADB89F2BA45137002F1710 /* ProcedureViewModel.swift in Sources */ = {isa = PBXBuildFile; fileRef = 3CADB89E2BA45137002F1710 /* ProcedureViewModel.swift */; };
		3CADB8A62BA46772002F1710 /* MultiPeerView.swift in Sources */ = {isa = PBXBuildFile; fileRef = 3CADB8A52BA46772002F1710 /* MultiPeerView.swift */; };
		3CADB8AD2BA46DCF002F1710 /* DetectedDeviceView.swift in Sources */ = {isa = PBXBuildFile; fileRef = 3CADB8AC2BA46DCF002F1710 /* DetectedDeviceView.swift */; };
		3CADB8E92BA47AC4002F1710 /* SkeletonModelView.swift in Sources */ = {isa = PBXBuildFile; fileRef = 3CADB8E82BA47AC3002F1710 /* SkeletonModelView.swift */; };
		3CC89C2E2BA391B00055B1C6 /* BodyPartView.swift in Sources */ = {isa = PBXBuildFile; fileRef = 3CC89C2D2BA391B00055B1C6 /* BodyPartView.swift */; };
		3CC89C302BA3977B0055B1C6 /* SurgeryStepByStepView.swift in Sources */ = {isa = PBXBuildFile; fileRef = 3CC89C2F2BA3977B0055B1C6 /* SurgeryStepByStepView.swift */; };
		3CCA12CE2BA2ED5E00B1D538 /* BodyPart.swift in Sources */ = {isa = PBXBuildFile; fileRef = 3CCA12CC2BA2ED5E00B1D538 /* BodyPart.swift */; };
		3CCA12CF2BA2ED5E00B1D538 /* bodyparts.json in Resources */ = {isa = PBXBuildFile; fileRef = 3CCA12CD2BA2ED5E00B1D538 /* bodyparts.json */; };
		3CCA12D22BA2EECA00B1D538 /* TecMedMultipeer.swift in Sources */ = {isa = PBXBuildFile; fileRef = 3CCA12D12BA2EECA00B1D538 /* TecMedMultipeer.swift */; };
		3CCA12D52BA2EF9500B1D538 /* BodyPartViewModel.swift in Sources */ = {isa = PBXBuildFile; fileRef = 3CCA12D42BA2EF9500B1D538 /* BodyPartViewModel.swift */; };
		3CEB14AC2BC8E84F00767B8A /* StepNavigationOrnament.swift in Sources */ = {isa = PBXBuildFile; fileRef = 3CEB14AB2BC8E84E00767B8A /* StepNavigationOrnament.swift */; };
		3CEB14AE2BC8ECEE00767B8A /* TestView.swift in Sources */ = {isa = PBXBuildFile; fileRef = 3CEB14AD2BC8ECEE00767B8A /* TestView.swift */; };
		3CEB14B02BC8F1EC00767B8A /* SurgeryDetailContentWindow.swift in Sources */ = {isa = PBXBuildFile; fileRef = 3CEB14AF2BC8F1EC00767B8A /* SurgeryDetailContentWindow.swift */; };
		3CEB14B22BC91BFE00767B8A /* VolumeView.swift in Sources */ = {isa = PBXBuildFile; fileRef = 3CEB14B12BC91BFE00767B8A /* VolumeView.swift */; };
		D71986AD2BAA71EB00C5FF2C /* ChatService.swift in Sources */ = {isa = PBXBuildFile; fileRef = D71986A52BAA71EB00C5FF2C /* ChatService.swift */; };
		D71986AF2BAA71EB00C5FF2C /* ChatBubbleShape.swift in Sources */ = {isa = PBXBuildFile; fileRef = D71986A72BAA71EB00C5FF2C /* ChatBubbleShape.swift */; };
		D71986B02BAA71EB00C5FF2C /* MultiturnChatView.swift in Sources */ = {isa = PBXBuildFile; fileRef = D71986A82BAA71EB00C5FF2C /* MultiturnChatView.swift */; };
		D71986B12BAA71EB00C5FF2C /* APIKey.swift in Sources */ = {isa = PBXBuildFile; fileRef = D71986A92BAA71EB00C5FF2C /* APIKey.swift */; };
		D71986B22BAA71EB00C5FF2C /* ChatBubble.swift in Sources */ = {isa = PBXBuildFile; fileRef = D71986AA2BAA71EB00C5FF2C /* ChatBubble.swift */; };
		D71986B42BAA71EB00C5FF2C /* GenerativeAI-Info.plist in Resources */ = {isa = PBXBuildFile; fileRef = D71986AC2BAA71EB00C5FF2C /* GenerativeAI-Info.plist */; };
		D73694422BA954A5007A38EE /* NavigationView.swift in Sources */ = {isa = PBXBuildFile; fileRef = D73694412BA954A5007A38EE /* NavigationView.swift */; };
		D73694442BA954C3007A38EE /* ChatView.swift in Sources */ = {isa = PBXBuildFile; fileRef = D73694432BA954C3007A38EE /* ChatView.swift */; };
		D7BBD00E2B91568800F3F1C8 /* RealityKitContent in Frameworks */ = {isa = PBXBuildFile; productRef = D7BBD00D2B91568800F3F1C8 /* RealityKitContent */; };
		D7BBD0102B91568800F3F1C8 /* Reto_Tec_SaludApp.swift in Sources */ = {isa = PBXBuildFile; fileRef = D7BBD00F2B91568800F3F1C8 /* Reto_Tec_SaludApp.swift */; };
		D7BBD0122B91568800F3F1C8 /* ContentView.swift in Sources */ = {isa = PBXBuildFile; fileRef = D7BBD0112B91568800F3F1C8 /* ContentView.swift */; };
		D7BBD0142B91568A00F3F1C8 /* Assets.xcassets in Resources */ = {isa = PBXBuildFile; fileRef = D7BBD0132B91568A00F3F1C8 /* Assets.xcassets */; };
		D7BBD0172B91568A00F3F1C8 /* Preview Assets.xcassets in Resources */ = {isa = PBXBuildFile; fileRef = D7BBD0162B91568A00F3F1C8 /* Preview Assets.xcassets */; };
		D7CA2B3F2B91BB02003CB892 /* MenuView.swift in Sources */ = {isa = PBXBuildFile; fileRef = D7CA2B3E2B91BB02003CB892 /* MenuView.swift */; };
		D7CA2B412B91BBFC003CB892 /* OpcionCardView.swift in Sources */ = {isa = PBXBuildFile; fileRef = D7CA2B402B91BBFC003CB892 /* OpcionCardView.swift */; };
		D7CA2B432B91C24A003CB892 /* ProcedimentStudyView.swift in Sources */ = {isa = PBXBuildFile; fileRef = D7CA2B422B91C24A003CB892 /* ProcedimentStudyView.swift */; };
		D7CA2B472B91C5D6003CB892 /* AnatomyStudyView.swift in Sources */ = {isa = PBXBuildFile; fileRef = D7CA2B462B91C5D6003CB892 /* AnatomyStudyView.swift */; };
		D7CA2B492B91C619003CB892 /* AnatomyDetailView.swift in Sources */ = {isa = PBXBuildFile; fileRef = D7CA2B482B91C619003CB892 /* AnatomyDetailView.swift */; };
		D7CA2B4B2B91CFE2003CB892 /* SurgeryDetailView.swift in Sources */ = {isa = PBXBuildFile; fileRef = D7CA2B4A2B91CFE2003CB892 /* SurgeryDetailView.swift */; };
/* End PBXBuildFile section */

/* Begin PBXFileReference section */
		3C43793D2BA409A900C01C1C /* PlaceHolderView.swift */ = {isa = PBXFileReference; lastKnownFileType = sourcecode.swift; path = PlaceHolderView.swift; sourceTree = "<group>"; };
		3C4379412BA4274F00C01C1C /* SplitView.swift */ = {isa = PBXFileReference; lastKnownFileType = sourcecode.swift; path = SplitView.swift; sourceTree = "<group>"; };
		3C4379432BA42ED400C01C1C /* StepDetailView.swift */ = {isa = PBXFileReference; lastKnownFileType = sourcecode.swift; path = StepDetailView.swift; sourceTree = "<group>"; };
		3CADB89A2BA44F52002F1710 /* SecondWindow.swift */ = {isa = PBXFileReference; lastKnownFileType = sourcecode.swift; path = SecondWindow.swift; sourceTree = "<group>"; };
		3CADB89E2BA45137002F1710 /* ProcedureViewModel.swift */ = {isa = PBXFileReference; lastKnownFileType = sourcecode.swift; path = ProcedureViewModel.swift; sourceTree = "<group>"; };
		3CADB8A52BA46772002F1710 /* MultiPeerView.swift */ = {isa = PBXFileReference; lastKnownFileType = sourcecode.swift; path = MultiPeerView.swift; sourceTree = "<group>"; };
		3CADB8AC2BA46DCF002F1710 /* DetectedDeviceView.swift */ = {isa = PBXFileReference; lastKnownFileType = sourcecode.swift; path = DetectedDeviceView.swift; sourceTree = "<group>"; };
		3CADB8E82BA47AC3002F1710 /* SkeletonModelView.swift */ = {isa = PBXFileReference; fileEncoding = 4; lastKnownFileType = sourcecode.swift; path = SkeletonModelView.swift; sourceTree = "<group>"; };
		3CC89C2D2BA391B00055B1C6 /* BodyPartView.swift */ = {isa = PBXFileReference; lastKnownFileType = sourcecode.swift; path = BodyPartView.swift; sourceTree = "<group>"; };
		3CC89C2F2BA3977B0055B1C6 /* SurgeryStepByStepView.swift */ = {isa = PBXFileReference; lastKnownFileType = sourcecode.swift; path = SurgeryStepByStepView.swift; sourceTree = "<group>"; };
		3CCA12CC2BA2ED5E00B1D538 /* BodyPart.swift */ = {isa = PBXFileReference; fileEncoding = 4; lastKnownFileType = sourcecode.swift; path = BodyPart.swift; sourceTree = "<group>"; };
		3CCA12CD2BA2ED5E00B1D538 /* bodyparts.json */ = {isa = PBXFileReference; fileEncoding = 4; lastKnownFileType = text.json; path = bodyparts.json; sourceTree = "<group>"; };
		3CCA12D12BA2EECA00B1D538 /* TecMedMultipeer.swift */ = {isa = PBXFileReference; fileEncoding = 4; lastKnownFileType = sourcecode.swift; path = TecMedMultipeer.swift; sourceTree = "<group>"; };
		3CCA12D42BA2EF9500B1D538 /* BodyPartViewModel.swift */ = {isa = PBXFileReference; lastKnownFileType = sourcecode.swift; path = BodyPartViewModel.swift; sourceTree = "<group>"; };
		3CEB14AB2BC8E84E00767B8A /* StepNavigationOrnament.swift */ = {isa = PBXFileReference; lastKnownFileType = sourcecode.swift; path = StepNavigationOrnament.swift; sourceTree = "<group>"; };
		3CEB14AD2BC8ECEE00767B8A /* TestView.swift */ = {isa = PBXFileReference; lastKnownFileType = sourcecode.swift; path = TestView.swift; sourceTree = "<group>"; };
		3CEB14AF2BC8F1EC00767B8A /* SurgeryDetailContentWindow.swift */ = {isa = PBXFileReference; lastKnownFileType = sourcecode.swift; path = SurgeryDetailContentWindow.swift; sourceTree = "<group>"; };
		3CEB14B12BC91BFE00767B8A /* VolumeView.swift */ = {isa = PBXFileReference; lastKnownFileType = sourcecode.swift; path = VolumeView.swift; sourceTree = "<group>"; };
		D71986A52BAA71EB00C5FF2C /* ChatService.swift */ = {isa = PBXFileReference; fileEncoding = 4; lastKnownFileType = sourcecode.swift; path = ChatService.swift; sourceTree = "<group>"; };
		D71986A72BAA71EB00C5FF2C /* ChatBubbleShape.swift */ = {isa = PBXFileReference; fileEncoding = 4; lastKnownFileType = sourcecode.swift; path = ChatBubbleShape.swift; sourceTree = "<group>"; };
		D71986A82BAA71EB00C5FF2C /* MultiturnChatView.swift */ = {isa = PBXFileReference; fileEncoding = 4; lastKnownFileType = sourcecode.swift; path = MultiturnChatView.swift; sourceTree = "<group>"; };
		D71986A92BAA71EB00C5FF2C /* APIKey.swift */ = {isa = PBXFileReference; fileEncoding = 4; lastKnownFileType = sourcecode.swift; path = APIKey.swift; sourceTree = "<group>"; };
		D71986AA2BAA71EB00C5FF2C /* ChatBubble.swift */ = {isa = PBXFileReference; fileEncoding = 4; lastKnownFileType = sourcecode.swift; path = ChatBubble.swift; sourceTree = "<group>"; };
		D71986AC2BAA71EB00C5FF2C /* GenerativeAI-Info.plist */ = {isa = PBXFileReference; fileEncoding = 4; lastKnownFileType = text.plist.xml; path = "GenerativeAI-Info.plist"; sourceTree = "<group>"; };
		D73694412BA954A5007A38EE /* NavigationView.swift */ = {isa = PBXFileReference; lastKnownFileType = sourcecode.swift; path = NavigationView.swift; sourceTree = "<group>"; };
		D73694432BA954C3007A38EE /* ChatView.swift */ = {isa = PBXFileReference; lastKnownFileType = sourcecode.swift; path = ChatView.swift; sourceTree = "<group>"; };
		D7B0CF672BAAC1E600C60587 /* generative-ai-swift-main */ = {isa = PBXFileReference; lastKnownFileType = wrapper; name = "generative-ai-swift-main"; path = "../../../Library/Mobile Documents/com~apple~CloudDocs/Downloads/generative-ai-swift-main"; sourceTree = "<group>"; };
		D7BBD0082B91568800F3F1C8 /* Reto-Tec-Salud.app */ = {isa = PBXFileReference; explicitFileType = wrapper.application; includeInIndex = 0; path = "Reto-Tec-Salud.app"; sourceTree = BUILT_PRODUCTS_DIR; };
		D7BBD00C2B91568800F3F1C8 /* RealityKitContent */ = {isa = PBXFileReference; lastKnownFileType = wrapper; path = RealityKitContent; sourceTree = "<group>"; };
		D7BBD00F2B91568800F3F1C8 /* Reto_Tec_SaludApp.swift */ = {isa = PBXFileReference; lastKnownFileType = sourcecode.swift; path = Reto_Tec_SaludApp.swift; sourceTree = "<group>"; };
		D7BBD0112B91568800F3F1C8 /* ContentView.swift */ = {isa = PBXFileReference; lastKnownFileType = sourcecode.swift; path = ContentView.swift; sourceTree = "<group>"; };
		D7BBD0132B91568A00F3F1C8 /* Assets.xcassets */ = {isa = PBXFileReference; lastKnownFileType = folder.assetcatalog; path = Assets.xcassets; sourceTree = "<group>"; };
		D7BBD0162B91568A00F3F1C8 /* Preview Assets.xcassets */ = {isa = PBXFileReference; lastKnownFileType = folder.assetcatalog; path = "Preview Assets.xcassets"; sourceTree = "<group>"; };
		D7BBD0182B91568A00F3F1C8 /* Info.plist */ = {isa = PBXFileReference; lastKnownFileType = text.plist.xml; path = Info.plist; sourceTree = "<group>"; };
		D7CA2B3E2B91BB02003CB892 /* MenuView.swift */ = {isa = PBXFileReference; lastKnownFileType = sourcecode.swift; path = MenuView.swift; sourceTree = "<group>"; };
		D7CA2B402B91BBFC003CB892 /* OpcionCardView.swift */ = {isa = PBXFileReference; lastKnownFileType = sourcecode.swift; path = OpcionCardView.swift; sourceTree = "<group>"; };
		D7CA2B422B91C24A003CB892 /* ProcedimentStudyView.swift */ = {isa = PBXFileReference; lastKnownFileType = sourcecode.swift; path = ProcedimentStudyView.swift; sourceTree = "<group>"; };
		D7CA2B462B91C5D6003CB892 /* AnatomyStudyView.swift */ = {isa = PBXFileReference; lastKnownFileType = sourcecode.swift; path = AnatomyStudyView.swift; sourceTree = "<group>"; };
		D7CA2B482B91C619003CB892 /* AnatomyDetailView.swift */ = {isa = PBXFileReference; lastKnownFileType = sourcecode.swift; path = AnatomyDetailView.swift; sourceTree = "<group>"; };
		D7CA2B4A2B91CFE2003CB892 /* SurgeryDetailView.swift */ = {isa = PBXFileReference; lastKnownFileType = sourcecode.swift; path = SurgeryDetailView.swift; sourceTree = "<group>"; };
/* End PBXFileReference section */

/* Begin PBXFrameworksBuildPhase section */
		D7BBD0052B91568800F3F1C8 /* Frameworks */ = {
			isa = PBXFrameworksBuildPhase;
			buildActionMask = 2147483647;
			files = (
				D7BBD00E2B91568800F3F1C8 /* RealityKitContent in Frameworks */,
				3C1FAC4D2BAC90D600275D13 /* GoogleGenerativeAI in Frameworks */,
			);
			runOnlyForDeploymentPostprocessing = 0;
		};
/* End PBXFrameworksBuildPhase section */

/* Begin PBXGroup section */
		3C43793F2BA419AB00C01C1C /* Components */ = {
			isa = PBXGroup;
			children = (
				3CADB8AC2BA46DCF002F1710 /* DetectedDeviceView.swift */,
				D7CA2B402B91BBFC003CB892 /* OpcionCardView.swift */,
				3CADB8E82BA47AC3002F1710 /* SkeletonModelView.swift */,
				3C43793D2BA409A900C01C1C /* PlaceHolderView.swift */,
			);
			path = Components;
			sourceTree = "<group>";
		};
		3C4379402BA423CF00C01C1C /* Navigation Split Views */ = {
			isa = PBXGroup;
			children = (
				3C4379452BA433B100C01C1C /* Detail Views */,
				D7CA2B4A2B91CFE2003CB892 /* SurgeryDetailView.swift */,
				3CC89C2F2BA3977B0055B1C6 /* SurgeryStepByStepView.swift */,
				3C4379412BA4274F00C01C1C /* SplitView.swift */,
				D73694432BA954C3007A38EE /* ChatView.swift */,
			);
			path = "Navigation Split Views";
			sourceTree = "<group>";
		};
		3C4379452BA433B100C01C1C /* Detail Views */ = {
			isa = PBXGroup;
			children = (
				3CC89C2D2BA391B00055B1C6 /* BodyPartView.swift */,
				3C4379432BA42ED400C01C1C /* StepDetailView.swift */,
			);
			path = "Detail Views";
			sourceTree = "<group>";
		};
		3CADB8A22BA45999002F1710 /* Windows */ = {
			isa = PBXGroup;
			children = (
				D7BBD0112B91568800F3F1C8 /* ContentView.swift */,
				3CADB89A2BA44F52002F1710 /* SecondWindow.swift */,
				3CEB14AF2BC8F1EC00767B8A /* SurgeryDetailContentWindow.swift */,
			);
			path = Windows;
			sourceTree = "<group>";
		};
		3CADB8A32BA459AE002F1710 /* Anatomy */ = {
			isa = PBXGroup;
			children = (
				D7CA2B462B91C5D6003CB892 /* AnatomyStudyView.swift */,
				D7CA2B482B91C619003CB892 /* AnatomyDetailView.swift */,
			);
			path = Anatomy;
			sourceTree = "<group>";
		};
		3CADB8A72BA467A5002F1710 /* Models */ = {
			isa = PBXGroup;
			children = (
				3CCA12D12BA2EECA00B1D538 /* TecMedMultipeer.swift */,
			);
			path = Models;
			sourceTree = "<group>";
		};
		3CCA12CB2BA2ED2F00B1D538 /* Foundation */ = {
			isa = PBXGroup;
			children = (
				3CCA12D32BA2EF1700B1D538 /* View Models */,
				3CADB8A72BA467A5002F1710 /* Models */,
				3CCA12D02BA2ED6800B1D538 /* Data Models */,
			);
			path = Foundation;
			sourceTree = "<group>";
		};
		3CCA12D02BA2ED6800B1D538 /* Data Models */ = {
			isa = PBXGroup;
			children = (
				3CCA12CC2BA2ED5E00B1D538 /* BodyPart.swift */,
				3CCA12CD2BA2ED5E00B1D538 /* bodyparts.json */,
			);
			path = "Data Models";
			sourceTree = "<group>";
		};
		3CCA12D32BA2EF1700B1D538 /* View Models */ = {
			isa = PBXGroup;
			children = (
				3CCA12D42BA2EF9500B1D538 /* BodyPartViewModel.swift */,
				3CADB89E2BA45137002F1710 /* ProcedureViewModel.swift */,
			);
			path = "View Models";
			sourceTree = "<group>";
		};
		3CEB14A92BC8E62B00767B8A /* Scanner */ = {
			isa = PBXGroup;
			children = (
				3CADB8A52BA46772002F1710 /* MultiPeerView.swift */,
				3CEB14AB2BC8E84E00767B8A /* StepNavigationOrnament.swift */,
				3CEB14B12BC91BFE00767B8A /* VolumeView.swift */,
			);
			path = Scanner;
			sourceTree = "<group>";
		};
		3CEB14AA2BC8E65800767B8A /* Main Views */ = {
			isa = PBXGroup;
			children = (
				D7CA2B3E2B91BB02003CB892 /* MenuView.swift */,
				D7CA2B422B91C24A003CB892 /* ProcedimentStudyView.swift */,
				D73694412BA954A5007A38EE /* NavigationView.swift */,
			);
			path = "Main Views";
			sourceTree = "<group>";
		};
		D71986A42BAA71B500C5FF2C /* MedicBot */ = {
			isa = PBXGroup;
			children = (
				D71986AA2BAA71EB00C5FF2C /* ChatBubble.swift */,
				D71986A82BAA71EB00C5FF2C /* MultiturnChatView.swift */,
				D71986A72BAA71EB00C5FF2C /* ChatBubbleShape.swift */,
				D71986A52BAA71EB00C5FF2C /* ChatService.swift */,
				D765D7D52BC5C7C300B37A8D /* Config */,
			);
			path = MedicBot;
			sourceTree = "<group>";
		};
		D765D7D52BC5C7C300B37A8D /* Config */ = {
			isa = PBXGroup;
			children = (
				D71986A92BAA71EB00C5FF2C /* APIKey.swift */,
				D71986AC2BAA71EB00C5FF2C /* GenerativeAI-Info.plist */,
			);
			path = Config;
			sourceTree = "<group>";
		};
		D7BBCFFF2B91568800F3F1C8 = {
			isa = PBXGroup;
			children = (
				D7BBD00A2B91568800F3F1C8 /* Reto-Tec-Salud */,
				D7BBD00B2B91568800F3F1C8 /* Packages */,
				D7BBD0092B91568800F3F1C8 /* Products */,
			);
			sourceTree = "<group>";
		};
		D7BBD0092B91568800F3F1C8 /* Products */ = {
			isa = PBXGroup;
			children = (
				D7BBD0082B91568800F3F1C8 /* Reto-Tec-Salud.app */,
			);
			name = Products;
			sourceTree = "<group>";
		};
		D7BBD00A2B91568800F3F1C8 /* Reto-Tec-Salud */ = {
			isa = PBXGroup;
			children = (
				D71986A42BAA71B500C5FF2C /* MedicBot */,
				3CCA12CB2BA2ED2F00B1D538 /* Foundation */,
				D7CA2B3D2B91BAF0003CB892 /* Views */,
				D7BBD00F2B91568800F3F1C8 /* Reto_Tec_SaludApp.swift */,
				D7BBD0132B91568A00F3F1C8 /* Assets.xcassets */,
				D7BBD0182B91568A00F3F1C8 /* Info.plist */,
				D7BBD0152B91568A00F3F1C8 /* Preview Content */,
			);
			path = "Reto-Tec-Salud";
			sourceTree = "<group>";
		};
		D7BBD00B2B91568800F3F1C8 /* Packages */ = {
			isa = PBXGroup;
			children = (
				D7B0CF672BAAC1E600C60587 /* generative-ai-swift-main */,
				D7BBD00C2B91568800F3F1C8 /* RealityKitContent */,
			);
			path = Packages;
			sourceTree = "<group>";
		};
		D7BBD0152B91568A00F3F1C8 /* Preview Content */ = {
			isa = PBXGroup;
			children = (
				D7BBD0162B91568A00F3F1C8 /* Preview Assets.xcassets */,
			);
			path = "Preview Content";
			sourceTree = "<group>";
		};
		D7CA2B3D2B91BAF0003CB892 /* Views */ = {
			isa = PBXGroup;
			children = (
				3CEB14AA2BC8E65800767B8A /* Main Views */,
				3CEB14A92BC8E62B00767B8A /* Scanner */,
				3CADB8A32BA459AE002F1710 /* Anatomy */,
				3C43793F2BA419AB00C01C1C /* Components */,
				3CADB8A22BA45999002F1710 /* Windows */,
				3C4379402BA423CF00C01C1C /* Navigation Split Views */,
				3CEB14AD2BC8ECEE00767B8A /* TestView.swift */,
			);
			path = Views;
			sourceTree = "<group>";
		};
/* End PBXGroup section */

/* Begin PBXNativeTarget section */
		D7BBD0072B91568800F3F1C8 /* Reto-Tec-Salud */ = {
			isa = PBXNativeTarget;
			buildConfigurationList = D7BBD01B2B91568A00F3F1C8 /* Build configuration list for PBXNativeTarget "Reto-Tec-Salud" */;
			buildPhases = (
				D7BBD0042B91568800F3F1C8 /* Sources */,
				D7BBD0052B91568800F3F1C8 /* Frameworks */,
				D7BBD0062B91568800F3F1C8 /* Resources */,
			);
			buildRules = (
			);
			dependencies = (
			);
			name = "Reto-Tec-Salud";
			packageProductDependencies = (
				D7BBD00D2B91568800F3F1C8 /* RealityKitContent */,
				3C1FAC4C2BAC90D600275D13 /* GoogleGenerativeAI */,
			);
			productName = "Reto-Tec-Salud";
			productReference = D7BBD0082B91568800F3F1C8 /* Reto-Tec-Salud.app */;
			productType = "com.apple.product-type.application";
		};
/* End PBXNativeTarget section */

/* Begin PBXProject section */
		D7BBD0002B91568800F3F1C8 /* Project object */ = {
			isa = PBXProject;
			attributes = {
				BuildIndependentTargetsInParallel = 1;
				LastSwiftUpdateCheck = 1520;
				LastUpgradeCheck = 1520;
				TargetAttributes = {
					D7BBD0072B91568800F3F1C8 = {
						CreatedOnToolsVersion = 15.2;
					};
				};
			};
			buildConfigurationList = D7BBD0032B91568800F3F1C8 /* Build configuration list for PBXProject "Reto-Tec-Salud" */;
			compatibilityVersion = "Xcode 14.0";
			developmentRegion = en;
			hasScannedForEncodings = 0;
			knownRegions = (
				en,
				Base,
			);
			mainGroup = D7BBCFFF2B91568800F3F1C8;
			packageReferences = (
				3C1FAC4B2BAC90D600275D13 /* XCRemoteSwiftPackageReference "generative-ai-swift" */,
			);
			productRefGroup = D7BBD0092B91568800F3F1C8 /* Products */;
			projectDirPath = "";
			projectRoot = "";
			targets = (
				D7BBD0072B91568800F3F1C8 /* Reto-Tec-Salud */,
			);
		};
/* End PBXProject section */

/* Begin PBXResourcesBuildPhase section */
		D7BBD0062B91568800F3F1C8 /* Resources */ = {
			isa = PBXResourcesBuildPhase;
			buildActionMask = 2147483647;
			files = (
				D71986B42BAA71EB00C5FF2C /* GenerativeAI-Info.plist in Resources */,
				D7BBD0172B91568A00F3F1C8 /* Preview Assets.xcassets in Resources */,
				D7BBD0142B91568A00F3F1C8 /* Assets.xcassets in Resources */,
				3CCA12CF2BA2ED5E00B1D538 /* bodyparts.json in Resources */,
			);
			runOnlyForDeploymentPostprocessing = 0;
		};
/* End PBXResourcesBuildPhase section */

/* Begin PBXSourcesBuildPhase section */
		D7BBD0042B91568800F3F1C8 /* Sources */ = {
			isa = PBXSourcesBuildPhase;
			buildActionMask = 2147483647;
			files = (
				3CADB8A62BA46772002F1710 /* MultiPeerView.swift in Sources */,
				D7CA2B412B91BBFC003CB892 /* OpcionCardView.swift in Sources */,
				3CEB14AC2BC8E84F00767B8A /* StepNavigationOrnament.swift in Sources */,
				D7CA2B4B2B91CFE2003CB892 /* SurgeryDetailView.swift in Sources */,
				D73694442BA954C3007A38EE /* ChatView.swift in Sources */,
				D7CA2B492B91C619003CB892 /* AnatomyDetailView.swift in Sources */,
				3CEB14AE2BC8ECEE00767B8A /* TestView.swift in Sources */,
				D7CA2B432B91C24A003CB892 /* ProcedimentStudyView.swift in Sources */,
				D7BBD0122B91568800F3F1C8 /* ContentView.swift in Sources */,
				D71986AD2BAA71EB00C5FF2C /* ChatService.swift in Sources */,
				3C4379422BA4274F00C01C1C /* SplitView.swift in Sources */,
				3CC89C2E2BA391B00055B1C6 /* BodyPartView.swift in Sources */,
				D7CA2B3F2B91BB02003CB892 /* MenuView.swift in Sources */,
				D7CA2B472B91C5D6003CB892 /* AnatomyStudyView.swift in Sources */,
				3C4379442BA42ED400C01C1C /* StepDetailView.swift in Sources */,
				3CEB14B02BC8F1EC00767B8A /* SurgeryDetailContentWindow.swift in Sources */,
				D73694422BA954A5007A38EE /* NavigationView.swift in Sources */,
				3CCA12D22BA2EECA00B1D538 /* TecMedMultipeer.swift in Sources */,
				3C43793E2BA409A900C01C1C /* PlaceHolderView.swift in Sources */,
				3CADB89F2BA45137002F1710 /* ProcedureViewModel.swift in Sources */,
				3CCA12CE2BA2ED5E00B1D538 /* BodyPart.swift in Sources */,
				3CCA12D52BA2EF9500B1D538 /* BodyPartViewModel.swift in Sources */,
				3CC89C302BA3977B0055B1C6 /* SurgeryStepByStepView.swift in Sources */,
				3CADB8AD2BA46DCF002F1710 /* DetectedDeviceView.swift in Sources */,
				D71986B22BAA71EB00C5FF2C /* ChatBubble.swift in Sources */,
				D71986B12BAA71EB00C5FF2C /* APIKey.swift in Sources */,
				3CADB89B2BA44F52002F1710 /* SecondWindow.swift in Sources */,
				D7BBD0102B91568800F3F1C8 /* Reto_Tec_SaludApp.swift in Sources */,
				3CADB8E92BA47AC4002F1710 /* SkeletonModelView.swift in Sources */,
				D71986B02BAA71EB00C5FF2C /* MultiturnChatView.swift in Sources */,
				3CEB14B22BC91BFE00767B8A /* VolumeView.swift in Sources */,
				D71986AF2BAA71EB00C5FF2C /* ChatBubbleShape.swift in Sources */,
			);
			runOnlyForDeploymentPostprocessing = 0;
		};
/* End PBXSourcesBuildPhase section */

/* Begin XCBuildConfiguration section */
		D7BBD0192B91568A00F3F1C8 /* Debug */ = {
			isa = XCBuildConfiguration;
			buildSettings = {
				ALWAYS_SEARCH_USER_PATHS = NO;
				ASSETCATALOG_COMPILER_GENERATE_SWIFT_ASSET_SYMBOL_EXTENSIONS = YES;
				CLANG_ANALYZER_NONNULL = YES;
				CLANG_ANALYZER_NUMBER_OBJECT_CONVERSION = YES_AGGRESSIVE;
				CLANG_CXX_LANGUAGE_STANDARD = "gnu++20";
				CLANG_ENABLE_MODULES = YES;
				CLANG_ENABLE_OBJC_ARC = YES;
				CLANG_ENABLE_OBJC_WEAK = YES;
				CLANG_WARN_BLOCK_CAPTURE_AUTORELEASING = YES;
				CLANG_WARN_BOOL_CONVERSION = YES;
				CLANG_WARN_COMMA = YES;
				CLANG_WARN_CONSTANT_CONVERSION = YES;
				CLANG_WARN_DEPRECATED_OBJC_IMPLEMENTATIONS = YES;
				CLANG_WARN_DIRECT_OBJC_ISA_USAGE = YES_ERROR;
				CLANG_WARN_DOCUMENTATION_COMMENTS = YES;
				CLANG_WARN_EMPTY_BODY = YES;
				CLANG_WARN_ENUM_CONVERSION = YES;
				CLANG_WARN_INFINITE_RECURSION = YES;
				CLANG_WARN_INT_CONVERSION = YES;
				CLANG_WARN_NON_LITERAL_NULL_CONVERSION = YES;
				CLANG_WARN_OBJC_IMPLICIT_RETAIN_SELF = YES;
				CLANG_WARN_OBJC_LITERAL_CONVERSION = YES;
				CLANG_WARN_OBJC_ROOT_CLASS = YES_ERROR;
				CLANG_WARN_QUOTED_INCLUDE_IN_FRAMEWORK_HEADER = YES;
				CLANG_WARN_RANGE_LOOP_ANALYSIS = YES;
				CLANG_WARN_STRICT_PROTOTYPES = YES;
				CLANG_WARN_SUSPICIOUS_MOVE = YES;
				CLANG_WARN_UNGUARDED_AVAILABILITY = YES_AGGRESSIVE;
				CLANG_WARN_UNREACHABLE_CODE = YES;
				CLANG_WARN__DUPLICATE_METHOD_MATCH = YES;
				COPY_PHASE_STRIP = NO;
				DEBUG_INFORMATION_FORMAT = dwarf;
				ENABLE_STRICT_OBJC_MSGSEND = YES;
				ENABLE_TESTABILITY = YES;
				ENABLE_USER_SCRIPT_SANDBOXING = YES;
				GCC_C_LANGUAGE_STANDARD = gnu17;
				GCC_DYNAMIC_NO_PIC = NO;
				GCC_NO_COMMON_BLOCKS = YES;
				GCC_OPTIMIZATION_LEVEL = 0;
				GCC_PREPROCESSOR_DEFINITIONS = (
					"DEBUG=1",
					"$(inherited)",
				);
				GCC_WARN_64_TO_32_BIT_CONVERSION = YES;
				GCC_WARN_ABOUT_RETURN_TYPE = YES_ERROR;
				GCC_WARN_UNDECLARED_SELECTOR = YES;
				GCC_WARN_UNINITIALIZED_AUTOS = YES_AGGRESSIVE;
				GCC_WARN_UNUSED_FUNCTION = YES;
				GCC_WARN_UNUSED_VARIABLE = YES;
				LOCALIZATION_PREFERS_STRING_CATALOGS = YES;
				MTL_ENABLE_DEBUG_INFO = INCLUDE_SOURCE;
				MTL_FAST_MATH = YES;
				ONLY_ACTIVE_ARCH = YES;
				SDKROOT = xros;
				SWIFT_ACTIVE_COMPILATION_CONDITIONS = "DEBUG $(inherited)";
				SWIFT_OPTIMIZATION_LEVEL = "-Onone";
				XROS_DEPLOYMENT_TARGET = 1.0;
			};
			name = Debug;
		};
		D7BBD01A2B91568A00F3F1C8 /* Release */ = {
			isa = XCBuildConfiguration;
			buildSettings = {
				ALWAYS_SEARCH_USER_PATHS = NO;
				ASSETCATALOG_COMPILER_GENERATE_SWIFT_ASSET_SYMBOL_EXTENSIONS = YES;
				CLANG_ANALYZER_NONNULL = YES;
				CLANG_ANALYZER_NUMBER_OBJECT_CONVERSION = YES_AGGRESSIVE;
				CLANG_CXX_LANGUAGE_STANDARD = "gnu++20";
				CLANG_ENABLE_MODULES = YES;
				CLANG_ENABLE_OBJC_ARC = YES;
				CLANG_ENABLE_OBJC_WEAK = YES;
				CLANG_WARN_BLOCK_CAPTURE_AUTORELEASING = YES;
				CLANG_WARN_BOOL_CONVERSION = YES;
				CLANG_WARN_COMMA = YES;
				CLANG_WARN_CONSTANT_CONVERSION = YES;
				CLANG_WARN_DEPRECATED_OBJC_IMPLEMENTATIONS = YES;
				CLANG_WARN_DIRECT_OBJC_ISA_USAGE = YES_ERROR;
				CLANG_WARN_DOCUMENTATION_COMMENTS = YES;
				CLANG_WARN_EMPTY_BODY = YES;
				CLANG_WARN_ENUM_CONVERSION = YES;
				CLANG_WARN_INFINITE_RECURSION = YES;
				CLANG_WARN_INT_CONVERSION = YES;
				CLANG_WARN_NON_LITERAL_NULL_CONVERSION = YES;
				CLANG_WARN_OBJC_IMPLICIT_RETAIN_SELF = YES;
				CLANG_WARN_OBJC_LITERAL_CONVERSION = YES;
				CLANG_WARN_OBJC_ROOT_CLASS = YES_ERROR;
				CLANG_WARN_QUOTED_INCLUDE_IN_FRAMEWORK_HEADER = YES;
				CLANG_WARN_RANGE_LOOP_ANALYSIS = YES;
				CLANG_WARN_STRICT_PROTOTYPES = YES;
				CLANG_WARN_SUSPICIOUS_MOVE = YES;
				CLANG_WARN_UNGUARDED_AVAILABILITY = YES_AGGRESSIVE;
				CLANG_WARN_UNREACHABLE_CODE = YES;
				CLANG_WARN__DUPLICATE_METHOD_MATCH = YES;
				COPY_PHASE_STRIP = NO;
				DEBUG_INFORMATION_FORMAT = "dwarf-with-dsym";
				ENABLE_NS_ASSERTIONS = NO;
				ENABLE_STRICT_OBJC_MSGSEND = YES;
				ENABLE_USER_SCRIPT_SANDBOXING = YES;
				GCC_C_LANGUAGE_STANDARD = gnu17;
				GCC_NO_COMMON_BLOCKS = YES;
				GCC_WARN_64_TO_32_BIT_CONVERSION = YES;
				GCC_WARN_ABOUT_RETURN_TYPE = YES_ERROR;
				GCC_WARN_UNDECLARED_SELECTOR = YES;
				GCC_WARN_UNINITIALIZED_AUTOS = YES_AGGRESSIVE;
				GCC_WARN_UNUSED_FUNCTION = YES;
				GCC_WARN_UNUSED_VARIABLE = YES;
				LOCALIZATION_PREFERS_STRING_CATALOGS = YES;
				MTL_ENABLE_DEBUG_INFO = NO;
				MTL_FAST_MATH = YES;
				SDKROOT = xros;
				SWIFT_COMPILATION_MODE = wholemodule;
				VALIDATE_PRODUCT = YES;
				XROS_DEPLOYMENT_TARGET = 1.0;
			};
			name = Release;
		};
		D7BBD01C2B91568A00F3F1C8 /* Debug */ = {
			isa = XCBuildConfiguration;
			buildSettings = {
				ASSETCATALOG_COMPILER_APPICON_NAME = AppIcon;
				ASSETCATALOG_COMPILER_GLOBAL_ACCENT_COLOR_NAME = AccentColor;
				CODE_SIGN_STYLE = Automatic;
				CURRENT_PROJECT_VERSION = 1;
				DEVELOPMENT_ASSET_PATHS = "\"Reto-Tec-Salud/Preview Content\"";
				DEVELOPMENT_TEAM = PSZW65H9Q6;
				ENABLE_PREVIEWS = YES;
				GENERATE_INFOPLIST_FILE = YES;
				INFOPLIST_FILE = "$(TARGET_NAME)/Info.plist";
				INFOPLIST_KEY_NSLocalNetworkUsageDescription = "Needed for multipeer framework";
				LD_RUNPATH_SEARCH_PATHS = (
					"$(inherited)",
					"@executable_path/Frameworks",
				);
				MARKETING_VERSION = 1.0;
				PRODUCT_BUNDLE_IDENTIFIER = "DC.Reto-Tec-Salud";
				PRODUCT_NAME = "$(TARGET_NAME)";
				SUPPORTED_PLATFORMS = "xros xrsimulator";
				SWIFT_EMIT_LOC_STRINGS = YES;
				SWIFT_VERSION = 5.0;
				TARGETED_DEVICE_FAMILY = "1,2,7";
			};
			name = Debug;
		};
		D7BBD01D2B91568A00F3F1C8 /* Release */ = {
			isa = XCBuildConfiguration;
			buildSettings = {
				ASSETCATALOG_COMPILER_APPICON_NAME = AppIcon;
				ASSETCATALOG_COMPILER_GLOBAL_ACCENT_COLOR_NAME = AccentColor;
				CODE_SIGN_STYLE = Automatic;
				CURRENT_PROJECT_VERSION = 1;
				DEVELOPMENT_ASSET_PATHS = "\"Reto-Tec-Salud/Preview Content\"";
				DEVELOPMENT_TEAM = PSZW65H9Q6;
				ENABLE_PREVIEWS = YES;
				GENERATE_INFOPLIST_FILE = YES;
				INFOPLIST_FILE = "$(TARGET_NAME)/Info.plist";
				INFOPLIST_KEY_NSLocalNetworkUsageDescription = "Needed for multipeer framework";
				LD_RUNPATH_SEARCH_PATHS = (
					"$(inherited)",
					"@executable_path/Frameworks",
				);
				MARKETING_VERSION = 1.0;
				PRODUCT_BUNDLE_IDENTIFIER = "DC.Reto-Tec-Salud";
				PRODUCT_NAME = "$(TARGET_NAME)";
				SUPPORTED_PLATFORMS = "xros xrsimulator";
				SWIFT_EMIT_LOC_STRINGS = YES;
				SWIFT_VERSION = 5.0;
				TARGETED_DEVICE_FAMILY = "1,2,7";
			};
			name = Release;
		};
/* End XCBuildConfiguration section */

/* Begin XCConfigurationList section */
		D7BBD0032B91568800F3F1C8 /* Build configuration list for PBXProject "Reto-Tec-Salud" */ = {
			isa = XCConfigurationList;
			buildConfigurations = (
				D7BBD0192B91568A00F3F1C8 /* Debug */,
				D7BBD01A2B91568A00F3F1C8 /* Release */,
			);
			defaultConfigurationIsVisible = 0;
			defaultConfigurationName = Release;
		};
		D7BBD01B2B91568A00F3F1C8 /* Build configuration list for PBXNativeTarget "Reto-Tec-Salud" */ = {
			isa = XCConfigurationList;
			buildConfigurations = (
				D7BBD01C2B91568A00F3F1C8 /* Debug */,
				D7BBD01D2B91568A00F3F1C8 /* Release */,
			);
			defaultConfigurationIsVisible = 0;
			defaultConfigurationName = Release;
		};
/* End XCConfigurationList section */

/* Begin XCRemoteSwiftPackageReference section */
		3C1FAC4B2BAC90D600275D13 /* XCRemoteSwiftPackageReference "generative-ai-swift" */ = {
			isa = XCRemoteSwiftPackageReference;
			repositoryURL = "https://github.com/google/generative-ai-swift.git";
			requirement = {
				kind = upToNextMajorVersion;
				minimumVersion = 0.4.8;
			};
		};
/* End XCRemoteSwiftPackageReference section */

/* Begin XCSwiftPackageProductDependency section */
		3C1FAC4C2BAC90D600275D13 /* GoogleGenerativeAI */ = {
			isa = XCSwiftPackageProductDependency;
			package = 3C1FAC4B2BAC90D600275D13 /* XCRemoteSwiftPackageReference "generative-ai-swift" */;
			productName = GoogleGenerativeAI;
		};
		D7BBD00D2B91568800F3F1C8 /* RealityKitContent */ = {
			isa = XCSwiftPackageProductDependency;
			productName = RealityKitContent;
		};
/* End XCSwiftPackageProductDependency section */
	};
	rootObject = D7BBD0002B91568800F3F1C8 /* Project object */;
}
